// !$*UTF8*$!
{
	archiveVersion = 1;
	classes = {
	};
	objectVersion = 56;
	objects = {

/* Begin PBXBuildFile section */
		B045BBEC2BE589BD00A09B85 /* SwiftfulRouting in Frameworks */ = {isa = PBXBuildFile; productRef = B045BBEB2BE589BD00A09B85 /* SwiftfulRouting */; };
		B08053732BE01E630019DE38 /* netflixApp.swift in Sources */ = {isa = PBXBuildFile; fileRef = B08053722BE01E630019DE38 /* netflixApp.swift */; };
		B08053752BE01E630019DE38 /* ContentView.swift in Sources */ = {isa = PBXBuildFile; fileRef = B08053742BE01E630019DE38 /* ContentView.swift */; };
		B08053772BE01E640019DE38 /* Assets.xcassets in Resources */ = {isa = PBXBuildFile; fileRef = B08053762BE01E640019DE38 /* Assets.xcassets */; };
		B080537A2BE01E640019DE38 /* Preview Assets.xcassets in Resources */ = {isa = PBXBuildFile; fileRef = B08053792BE01E640019DE38 /* Preview Assets.xcassets */; };
		B08053852BE01FC10019DE38 /* NetflixHomeView.swift in Sources */ = {isa = PBXBuildFile; fileRef = B08053842BE01FC10019DE38 /* NetflixHomeView.swift */; };
		B08053872BE021390019DE38 /* NetflixFilterCell.swift in Sources */ = {isa = PBXBuildFile; fileRef = B08053862BE021390019DE38 /* NetflixFilterCell.swift */; };
		B08053892BE022B00019DE38 /* NetflixFilterBarView.swift in Sources */ = {isa = PBXBuildFile; fileRef = B08053882BE022B00019DE38 /* NetflixFilterBarView.swift */; };
		B080538B2BE166CC0019DE38 /* NetflixHeroCell.swift in Sources */ = {isa = PBXBuildFile; fileRef = B080538A2BE166CC0019DE38 /* NetflixHeroCell.swift */; };
		B08053902BE1678A0019DE38 /* Constants.swift in Sources */ = {isa = PBXBuildFile; fileRef = B080538F2BE1678A0019DE38 /* Constants.swift */; };
		B08053922BE168860019DE38 /* ImageLoaderView.swift in Sources */ = {isa = PBXBuildFile; fileRef = B08053912BE168860019DE38 /* ImageLoaderView.swift */; };
		B08053952BE168DD0019DE38 /* SDWebImageSwiftUI in Frameworks */ = {isa = PBXBuildFile; productRef = B08053942BE168DD0019DE38 /* SDWebImageSwiftUI */; };
		B080539B2BE16E0C0019DE38 /* SwiftfulUI in Frameworks */ = {isa = PBXBuildFile; productRef = B080539A2BE16E0C0019DE38 /* SwiftfulUI */; };
		B080539D2BE1724C0019DE38 /* Product.swift in Sources */ = {isa = PBXBuildFile; fileRef = B080539C2BE1724C0019DE38 /* Product.swift */; };
		B080539F2BE174290019DE38 /* User.swift in Sources */ = {isa = PBXBuildFile; fileRef = B080539E2BE174290019DE38 /* User.swift */; };
		B08053A12BE174590019DE38 /* DatabaseHelper.swift in Sources */ = {isa = PBXBuildFile; fileRef = B08053A02BE174590019DE38 /* DatabaseHelper.swift */; };
		B08053A32BE174930019DE38 /* Category.swift in Sources */ = {isa = PBXBuildFile; fileRef = B08053A22BE174920019DE38 /* Category.swift */; };
		B08053A52BE1969F0019DE38 /* NetflixMovieCell.swift in Sources */ = {isa = PBXBuildFile; fileRef = B08053A42BE1969F0019DE38 /* NetflixMovieCell.swift */; };
		B0E983822BE52C5E00C2000D /* NetflixDetailsView.swift in Sources */ = {isa = PBXBuildFile; fileRef = B0E983812BE52C5E00C2000D /* NetflixDetailsView.swift */; };
		B0E983842BE52CE400C2000D /* NetflixDetailsHeaderView.swift in Sources */ = {isa = PBXBuildFile; fileRef = B0E983832BE52CE400C2000D /* NetflixDetailsHeaderView.swift */; };
		B0E983862BE52FF900C2000D /* NetflixDetailsProductView.swift in Sources */ = {isa = PBXBuildFile; fileRef = B0E983852BE52FF900C2000D /* NetflixDetailsProductView.swift */; };
		B0E983882BE5574C00C2000D /* MyListButton.swift in Sources */ = {isa = PBXBuildFile; fileRef = B0E983872BE5574C00C2000D /* MyListButton.swift */; };
		B0E9838A2BE55A0B00C2000D /* RateButton.swift in Sources */ = {isa = PBXBuildFile; fileRef = B0E983892BE55A0B00C2000D /* RateButton.swift */; };
		B0E9838C2BE55ED400C2000D /* ShareButton.swift in Sources */ = {isa = PBXBuildFile; fileRef = B0E9838B2BE55ED400C2000D /* ShareButton.swift */; };
/* End PBXBuildFile section */

/* Begin PBXFileReference section */
		B080536F2BE01E630019DE38 /* netflix.app */ = {isa = PBXFileReference; explicitFileType = wrapper.application; includeInIndex = 0; path = netflix.app; sourceTree = BUILT_PRODUCTS_DIR; };
		B08053722BE01E630019DE38 /* netflixApp.swift */ = {isa = PBXFileReference; lastKnownFileType = sourcecode.swift; path = netflixApp.swift; sourceTree = "<group>"; };
		B08053742BE01E630019DE38 /* ContentView.swift */ = {isa = PBXFileReference; lastKnownFileType = sourcecode.swift; path = ContentView.swift; sourceTree = "<group>"; };
		B08053762BE01E640019DE38 /* Assets.xcassets */ = {isa = PBXFileReference; lastKnownFileType = folder.assetcatalog; path = Assets.xcassets; sourceTree = "<group>"; };
		B08053792BE01E640019DE38 /* Preview Assets.xcassets */ = {isa = PBXFileReference; lastKnownFileType = folder.assetcatalog; path = "Preview Assets.xcassets"; sourceTree = "<group>"; };
		B08053842BE01FC10019DE38 /* NetflixHomeView.swift */ = {isa = PBXFileReference; lastKnownFileType = sourcecode.swift; path = NetflixHomeView.swift; sourceTree = "<group>"; };
		B08053862BE021390019DE38 /* NetflixFilterCell.swift */ = {isa = PBXFileReference; lastKnownFileType = sourcecode.swift; path = NetflixFilterCell.swift; sourceTree = "<group>"; };
		B08053882BE022B00019DE38 /* NetflixFilterBarView.swift */ = {isa = PBXFileReference; lastKnownFileType = sourcecode.swift; path = NetflixFilterBarView.swift; sourceTree = "<group>"; };
		B080538A2BE166CC0019DE38 /* NetflixHeroCell.swift */ = {isa = PBXFileReference; lastKnownFileType = sourcecode.swift; path = NetflixHeroCell.swift; sourceTree = "<group>"; };
		B080538F2BE1678A0019DE38 /* Constants.swift */ = {isa = PBXFileReference; lastKnownFileType = sourcecode.swift; path = Constants.swift; sourceTree = "<group>"; };
		B08053912BE168860019DE38 /* ImageLoaderView.swift */ = {isa = PBXFileReference; lastKnownFileType = sourcecode.swift; path = ImageLoaderView.swift; sourceTree = "<group>"; };
		B080539C2BE1724C0019DE38 /* Product.swift */ = {isa = PBXFileReference; lastKnownFileType = sourcecode.swift; path = Product.swift; sourceTree = "<group>"; };
		B080539E2BE174290019DE38 /* User.swift */ = {isa = PBXFileReference; lastKnownFileType = sourcecode.swift; path = User.swift; sourceTree = "<group>"; };
		B08053A02BE174590019DE38 /* DatabaseHelper.swift */ = {isa = PBXFileReference; lastKnownFileType = sourcecode.swift; path = DatabaseHelper.swift; sourceTree = "<group>"; };
		B08053A22BE174920019DE38 /* Category.swift */ = {isa = PBXFileReference; lastKnownFileType = sourcecode.swift; path = Category.swift; sourceTree = "<group>"; };
		B08053A42BE1969F0019DE38 /* NetflixMovieCell.swift */ = {isa = PBXFileReference; lastKnownFileType = sourcecode.swift; path = NetflixMovieCell.swift; sourceTree = "<group>"; };
		B0E983812BE52C5E00C2000D /* NetflixDetailsView.swift */ = {isa = PBXFileReference; lastKnownFileType = sourcecode.swift; path = NetflixDetailsView.swift; sourceTree = "<group>"; };
		B0E983832BE52CE400C2000D /* NetflixDetailsHeaderView.swift */ = {isa = PBXFileReference; lastKnownFileType = sourcecode.swift; path = NetflixDetailsHeaderView.swift; sourceTree = "<group>"; };
		B0E983852BE52FF900C2000D /* NetflixDetailsProductView.swift */ = {isa = PBXFileReference; lastKnownFileType = sourcecode.swift; path = NetflixDetailsProductView.swift; sourceTree = "<group>"; };
		B0E983872BE5574C00C2000D /* MyListButton.swift */ = {isa = PBXFileReference; lastKnownFileType = sourcecode.swift; path = MyListButton.swift; sourceTree = "<group>"; };
		B0E983892BE55A0B00C2000D /* RateButton.swift */ = {isa = PBXFileReference; lastKnownFileType = sourcecode.swift; path = RateButton.swift; sourceTree = "<group>"; };
		B0E9838B2BE55ED400C2000D /* ShareButton.swift */ = {isa = PBXFileReference; lastKnownFileType = sourcecode.swift; path = ShareButton.swift; sourceTree = "<group>"; };
/* End PBXFileReference section */

/* Begin PBXFrameworksBuildPhase section */
		B080536C2BE01E630019DE38 /* Frameworks */ = {
			isa = PBXFrameworksBuildPhase;
			buildActionMask = 2147483647;
			files = (
				B080539B2BE16E0C0019DE38 /* SwiftfulUI in Frameworks */,
				B045BBEC2BE589BD00A09B85 /* SwiftfulRouting in Frameworks */,
				B08053952BE168DD0019DE38 /* SDWebImageSwiftUI in Frameworks */,
			);
			runOnlyForDeploymentPostprocessing = 0;
		};
/* End PBXFrameworksBuildPhase section */

/* Begin PBXGroup section */
		B05DBE642BE5884700CB8A24 /* Frameworks */ = {
			isa = PBXGroup;
			children = (
			);
			name = Frameworks;
			sourceTree = "<group>";
		};
		B08053662BE01E630019DE38 = {
			isa = PBXGroup;
			children = (
				B08053712BE01E630019DE38 /* netflix */,
				B08053702BE01E630019DE38 /* Products */,
				B05DBE642BE5884700CB8A24 /* Frameworks */,
			);
			sourceTree = "<group>";
		};
		B08053702BE01E630019DE38 /* Products */ = {
			isa = PBXGroup;
			children = (
				B080536F2BE01E630019DE38 /* netflix.app */,
			);
			name = Products;
			sourceTree = "<group>";
		};
		B08053712BE01E630019DE38 /* netflix */ = {
			isa = PBXGroup;
			children = (
				B080538E2BE1677D0019DE38 /* utilities */,
				B08053812BE01F880019DE38 /* Components */,
				B08053802BE01F7F0019DE38 /* Core */,
				B08053722BE01E630019DE38 /* netflixApp.swift */,
				B08053742BE01E630019DE38 /* ContentView.swift */,
				B08053762BE01E640019DE38 /* Assets.xcassets */,
				B08053782BE01E640019DE38 /* Preview Content */,
			);
			path = netflix;
			sourceTree = "<group>";
		};
		B08053782BE01E640019DE38 /* Preview Content */ = {
			isa = PBXGroup;
			children = (
				B08053792BE01E640019DE38 /* Preview Assets.xcassets */,
			);
			path = "Preview Content";
			sourceTree = "<group>";
		};
		B08053802BE01F7F0019DE38 /* Core */ = {
			isa = PBXGroup;
			children = (
				B08053842BE01FC10019DE38 /* NetflixHomeView.swift */,
				B0E983812BE52C5E00C2000D /* NetflixDetailsView.swift */,
			);
			path = Core;
			sourceTree = "<group>";
		};
		B08053812BE01F880019DE38 /* Components */ = {
			isa = PBXGroup;
			children = (
				B08053862BE021390019DE38 /* NetflixFilterCell.swift */,
				B08053882BE022B00019DE38 /* NetflixFilterBarView.swift */,
				B080538A2BE166CC0019DE38 /* NetflixHeroCell.swift */,
				B08053A42BE1969F0019DE38 /* NetflixMovieCell.swift */,
				B0E983832BE52CE400C2000D /* NetflixDetailsHeaderView.swift */,
				B0E983852BE52FF900C2000D /* NetflixDetailsProductView.swift */,
				B0E983872BE5574C00C2000D /* MyListButton.swift */,
				B0E983892BE55A0B00C2000D /* RateButton.swift */,
				B0E9838B2BE55ED400C2000D /* ShareButton.swift */,
			);
			path = Components;
			sourceTree = "<group>";
		};
		B080538E2BE1677D0019DE38 /* utilities */ = {
			isa = PBXGroup;
			children = (
				B080538F2BE1678A0019DE38 /* Constants.swift */,
				B08053912BE168860019DE38 /* ImageLoaderView.swift */,
				B080539C2BE1724C0019DE38 /* Product.swift */,
				B080539E2BE174290019DE38 /* User.swift */,
				B08053A02BE174590019DE38 /* DatabaseHelper.swift */,
				B08053A22BE174920019DE38 /* Category.swift */,
			);
			path = utilities;
			sourceTree = "<group>";
		};
/* End PBXGroup section */

/* Begin PBXNativeTarget section */
		B080536E2BE01E630019DE38 /* netflix */ = {
			isa = PBXNativeTarget;
			buildConfigurationList = B080537D2BE01E640019DE38 /* Build configuration list for PBXNativeTarget "netflix" */;
			buildPhases = (
				B080536B2BE01E630019DE38 /* Sources */,
				B080536C2BE01E630019DE38 /* Frameworks */,
				B080536D2BE01E630019DE38 /* Resources */,
			);
			buildRules = (
			);
			dependencies = (
			);
			name = netflix;
			packageProductDependencies = (
				B08053942BE168DD0019DE38 /* SDWebImageSwiftUI */,
				B080539A2BE16E0C0019DE38 /* SwiftfulUI */,
				B045BBEB2BE589BD00A09B85 /* SwiftfulRouting */,
			);
			productName = netflix;
			productReference = B080536F2BE01E630019DE38 /* netflix.app */;
			productType = "com.apple.product-type.application";
		};
/* End PBXNativeTarget section */

/* Begin PBXProject section */
		B08053672BE01E630019DE38 /* Project object */ = {
			isa = PBXProject;
			attributes = {
				BuildIndependentTargetsInParallel = 1;
				LastSwiftUpdateCheck = 1530;
				LastUpgradeCheck = 1530;
				TargetAttributes = {
					B080536E2BE01E630019DE38 = {
						CreatedOnToolsVersion = 15.3;
					};
				};
			};
			buildConfigurationList = B080536A2BE01E630019DE38 /* Build configuration list for PBXProject "netflix" */;
			compatibilityVersion = "Xcode 14.0";
			developmentRegion = en;
			hasScannedForEncodings = 0;
			knownRegions = (
				en,
				Base,
			);
			mainGroup = B08053662BE01E630019DE38;
			packageReferences = (
				B08053932BE168DD0019DE38 /* XCRemoteSwiftPackageReference "SDWebImageSwiftUI" */,
				B08053992BE16E0C0019DE38 /* XCRemoteSwiftPackageReference "SwiftfulUI" */,
				B045BBEA2BE589BD00A09B85 /* XCRemoteSwiftPackageReference "SwiftfulRouting" */,
			);
			productRefGroup = B08053702BE01E630019DE38 /* Products */;
			projectDirPath = "";
			projectRoot = "";
			targets = (
				B080536E2BE01E630019DE38 /* netflix */,
			);
		};
/* End PBXProject section */

/* Begin PBXResourcesBuildPhase section */
		B080536D2BE01E630019DE38 /* Resources */ = {
			isa = PBXResourcesBuildPhase;
			buildActionMask = 2147483647;
			files = (
				B080537A2BE01E640019DE38 /* Preview Assets.xcassets in Resources */,
				B08053772BE01E640019DE38 /* Assets.xcassets in Resources */,
			);
			runOnlyForDeploymentPostprocessing = 0;
		};
/* End PBXResourcesBuildPhase section */

/* Begin PBXSourcesBuildPhase section */
		B080536B2BE01E630019DE38 /* Sources */ = {
			isa = PBXSourcesBuildPhase;
			buildActionMask = 2147483647;
			files = (
				B08053892BE022B00019DE38 /* NetflixFilterBarView.swift in Sources */,
				B08053752BE01E630019DE38 /* ContentView.swift in Sources */,
				B080539D2BE1724C0019DE38 /* Product.swift in Sources */,
				B08053A12BE174590019DE38 /* DatabaseHelper.swift in Sources */,
				B080538B2BE166CC0019DE38 /* NetflixHeroCell.swift in Sources */,
				B0E9838A2BE55A0B00C2000D /* RateButton.swift in Sources */,
				B08053732BE01E630019DE38 /* netflixApp.swift in Sources */,
				B0E983882BE5574C00C2000D /* MyListButton.swift in Sources */,
				B0E983862BE52FF900C2000D /* NetflixDetailsProductView.swift in Sources */,
				B08053902BE1678A0019DE38 /* Constants.swift in Sources */,
				B0E983842BE52CE400C2000D /* NetflixDetailsHeaderView.swift in Sources */,
				B08053922BE168860019DE38 /* ImageLoaderView.swift in Sources */,
				B0E983822BE52C5E00C2000D /* NetflixDetailsView.swift in Sources */,
				B08053872BE021390019DE38 /* NetflixFilterCell.swift in Sources */,
				B080539F2BE174290019DE38 /* User.swift in Sources */,
				B08053A52BE1969F0019DE38 /* NetflixMovieCell.swift in Sources */,
				B08053852BE01FC10019DE38 /* NetflixHomeView.swift in Sources */,
				B08053A32BE174930019DE38 /* Category.swift in Sources */,
				B0E9838C2BE55ED400C2000D /* ShareButton.swift in Sources */,
			);
			runOnlyForDeploymentPostprocessing = 0;
		};
/* End PBXSourcesBuildPhase section */

/* Begin XCBuildConfiguration section */
		B080537B2BE01E640019DE38 /* Debug */ = {
			isa = XCBuildConfiguration;
			buildSettings = {
				ALWAYS_SEARCH_USER_PATHS = NO;
				ASSETCATALOG_COMPILER_GENERATE_SWIFT_ASSET_SYMBOL_EXTENSIONS = YES;
				CLANG_ANALYZER_NONNULL = YES;
				CLANG_ANALYZER_NUMBER_OBJECT_CONVERSION = YES_AGGRESSIVE;
				CLANG_CXX_LANGUAGE_STANDARD = "gnu++20";
				CLANG_ENABLE_MODULES = YES;
				CLANG_ENABLE_OBJC_ARC = YES;
				CLANG_ENABLE_OBJC_WEAK = YES;
				CLANG_WARN_BLOCK_CAPTURE_AUTORELEASING = YES;
				CLANG_WARN_BOOL_CONVERSION = YES;
				CLANG_WARN_COMMA = YES;
				CLANG_WARN_CONSTANT_CONVERSION = YES;
				CLANG_WARN_DEPRECATED_OBJC_IMPLEMENTATIONS = YES;
				CLANG_WARN_DIRECT_OBJC_ISA_USAGE = YES_ERROR;
				CLANG_WARN_DOCUMENTATION_COMMENTS = YES;
				CLANG_WARN_EMPTY_BODY = YES;
				CLANG_WARN_ENUM_CONVERSION = YES;
				CLANG_WARN_INFINITE_RECURSION = YES;
				CLANG_WARN_INT_CONVERSION = YES;
				CLANG_WARN_NON_LITERAL_NULL_CONVERSION = YES;
				CLANG_WARN_OBJC_IMPLICIT_RETAIN_SELF = YES;
				CLANG_WARN_OBJC_LITERAL_CONVERSION = YES;
				CLANG_WARN_OBJC_ROOT_CLASS = YES_ERROR;
				CLANG_WARN_QUOTED_INCLUDE_IN_FRAMEWORK_HEADER = YES;
				CLANG_WARN_RANGE_LOOP_ANALYSIS = YES;
				CLANG_WARN_STRICT_PROTOTYPES = YES;
				CLANG_WARN_SUSPICIOUS_MOVE = YES;
				CLANG_WARN_UNGUARDED_AVAILABILITY = YES_AGGRESSIVE;
				CLANG_WARN_UNREACHABLE_CODE = YES;
				CLANG_WARN__DUPLICATE_METHOD_MATCH = YES;
				COPY_PHASE_STRIP = NO;
				DEBUG_INFORMATION_FORMAT = dwarf;
				ENABLE_STRICT_OBJC_MSGSEND = YES;
				ENABLE_TESTABILITY = YES;
				ENABLE_USER_SCRIPT_SANDBOXING = YES;
				GCC_C_LANGUAGE_STANDARD = gnu17;
				GCC_DYNAMIC_NO_PIC = NO;
				GCC_NO_COMMON_BLOCKS = YES;
				GCC_OPTIMIZATION_LEVEL = 0;
				GCC_PREPROCESSOR_DEFINITIONS = (
					"DEBUG=1",
					"$(inherited)",
				);
				GCC_WARN_64_TO_32_BIT_CONVERSION = YES;
				GCC_WARN_ABOUT_RETURN_TYPE = YES_ERROR;
				GCC_WARN_UNDECLARED_SELECTOR = YES;
				GCC_WARN_UNINITIALIZED_AUTOS = YES_AGGRESSIVE;
				GCC_WARN_UNUSED_FUNCTION = YES;
				GCC_WARN_UNUSED_VARIABLE = YES;
				IPHONEOS_DEPLOYMENT_TARGET = 17.4;
				LOCALIZATION_PREFERS_STRING_CATALOGS = YES;
				MTL_ENABLE_DEBUG_INFO = INCLUDE_SOURCE;
				MTL_FAST_MATH = YES;
				ONLY_ACTIVE_ARCH = YES;
				SDKROOT = iphoneos;
				SWIFT_ACTIVE_COMPILATION_CONDITIONS = "DEBUG $(inherited)";
				SWIFT_OPTIMIZATION_LEVEL = "-Onone";
			};
			name = Debug;
		};
		B080537C2BE01E640019DE38 /* Release */ = {
			isa = XCBuildConfiguration;
			buildSettings = {
				ALWAYS_SEARCH_USER_PATHS = NO;
				ASSETCATALOG_COMPILER_GENERATE_SWIFT_ASSET_SYMBOL_EXTENSIONS = YES;
				CLANG_ANALYZER_NONNULL = YES;
				CLANG_ANALYZER_NUMBER_OBJECT_CONVERSION = YES_AGGRESSIVE;
				CLANG_CXX_LANGUAGE_STANDARD = "gnu++20";
				CLANG_ENABLE_MODULES = YES;
				CLANG_ENABLE_OBJC_ARC = YES;
				CLANG_ENABLE_OBJC_WEAK = YES;
				CLANG_WARN_BLOCK_CAPTURE_AUTORELEASING = YES;
				CLANG_WARN_BOOL_CONVERSION = YES;
				CLANG_WARN_COMMA = YES;
				CLANG_WARN_CONSTANT_CONVERSION = YES;
				CLANG_WARN_DEPRECATED_OBJC_IMPLEMENTATIONS = YES;
				CLANG_WARN_DIRECT_OBJC_ISA_USAGE = YES_ERROR;
				CLANG_WARN_DOCUMENTATION_COMMENTS = YES;
				CLANG_WARN_EMPTY_BODY = YES;
				CLANG_WARN_ENUM_CONVERSION = YES;
				CLANG_WARN_INFINITE_RECURSION = YES;
				CLANG_WARN_INT_CONVERSION = YES;
				CLANG_WARN_NON_LITERAL_NULL_CONVERSION = YES;
				CLANG_WARN_OBJC_IMPLICIT_RETAIN_SELF = YES;
				CLANG_WARN_OBJC_LITERAL_CONVERSION = YES;
				CLANG_WARN_OBJC_ROOT_CLASS = YES_ERROR;
				CLANG_WARN_QUOTED_INCLUDE_IN_FRAMEWORK_HEADER = YES;
				CLANG_WARN_RANGE_LOOP_ANALYSIS = YES;
				CLANG_WARN_STRICT_PROTOTYPES = YES;
				CLANG_WARN_SUSPICIOUS_MOVE = YES;
				CLANG_WARN_UNGUARDED_AVAILABILITY = YES_AGGRESSIVE;
				CLANG_WARN_UNREACHABLE_CODE = YES;
				CLANG_WARN__DUPLICATE_METHOD_MATCH = YES;
				COPY_PHASE_STRIP = NO;
				DEBUG_INFORMATION_FORMAT = "dwarf-with-dsym";
				ENABLE_NS_ASSERTIONS = NO;
				ENABLE_STRICT_OBJC_MSGSEND = YES;
				ENABLE_USER_SCRIPT_SANDBOXING = YES;
				GCC_C_LANGUAGE_STANDARD = gnu17;
				GCC_NO_COMMON_BLOCKS = YES;
				GCC_WARN_64_TO_32_BIT_CONVERSION = YES;
				GCC_WARN_ABOUT_RETURN_TYPE = YES_ERROR;
				GCC_WARN_UNDECLARED_SELECTOR = YES;
				GCC_WARN_UNINITIALIZED_AUTOS = YES_AGGRESSIVE;
				GCC_WARN_UNUSED_FUNCTION = YES;
				GCC_WARN_UNUSED_VARIABLE = YES;
				IPHONEOS_DEPLOYMENT_TARGET = 17.4;
				LOCALIZATION_PREFERS_STRING_CATALOGS = YES;
				MTL_ENABLE_DEBUG_INFO = NO;
				MTL_FAST_MATH = YES;
				SDKROOT = iphoneos;
				SWIFT_COMPILATION_MODE = wholemodule;
				VALIDATE_PRODUCT = YES;
			};
			name = Release;
		};
		B080537E2BE01E640019DE38 /* Debug */ = {
			isa = XCBuildConfiguration;
			buildSettings = {
				ASSETCATALOG_COMPILER_APPICON_NAME = AppIcon;
				ASSETCATALOG_COMPILER_GLOBAL_ACCENT_COLOR_NAME = AccentColor;
				CODE_SIGN_STYLE = Automatic;
				CURRENT_PROJECT_VERSION = 1;
				DEVELOPMENT_ASSET_PATHS = "\"netflix/Preview Content\"";
				DEVELOPMENT_TEAM = D56865PV9V;
				ENABLE_PREVIEWS = YES;
				GENERATE_INFOPLIST_FILE = YES;
				INFOPLIST_KEY_UIApplicationSceneManifest_Generation = YES;
				INFOPLIST_KEY_UIApplicationSupportsIndirectInputEvents = YES;
				INFOPLIST_KEY_UILaunchScreen_Generation = YES;
				INFOPLIST_KEY_UISupportedInterfaceOrientations_iPad = "UIInterfaceOrientationPortrait UIInterfaceOrientationPortraitUpsideDown UIInterfaceOrientationLandscapeLeft UIInterfaceOrientationLandscapeRight";
				INFOPLIST_KEY_UISupportedInterfaceOrientations_iPhone = "UIInterfaceOrientationPortrait UIInterfaceOrientationLandscapeLeft UIInterfaceOrientationLandscapeRight";
				LD_RUNPATH_SEARCH_PATHS = (
					"$(inherited)",
					"@executable_path/Frameworks",
				);
				MARKETING_VERSION = 1.0;
				PRODUCT_BUNDLE_IDENTIFIER = ca.josuelubaki.netflix;
				PRODUCT_NAME = "$(TARGET_NAME)";
				SWIFT_EMIT_LOC_STRINGS = YES;
				SWIFT_VERSION = 5.0;
				TARGETED_DEVICE_FAMILY = "1,2";
			};
			name = Debug;
		};
		B080537F2BE01E640019DE38 /* Release */ = {
			isa = XCBuildConfiguration;
			buildSettings = {
				ASSETCATALOG_COMPILER_APPICON_NAME = AppIcon;
				ASSETCATALOG_COMPILER_GLOBAL_ACCENT_COLOR_NAME = AccentColor;
				CODE_SIGN_STYLE = Automatic;
				CURRENT_PROJECT_VERSION = 1;
				DEVELOPMENT_ASSET_PATHS = "\"netflix/Preview Content\"";
				DEVELOPMENT_TEAM = D56865PV9V;
				ENABLE_PREVIEWS = YES;
				GENERATE_INFOPLIST_FILE = YES;
				INFOPLIST_KEY_UIApplicationSceneManifest_Generation = YES;
				INFOPLIST_KEY_UIApplicationSupportsIndirectInputEvents = YES;
				INFOPLIST_KEY_UILaunchScreen_Generation = YES;
				INFOPLIST_KEY_UISupportedInterfaceOrientations_iPad = "UIInterfaceOrientationPortrait UIInterfaceOrientationPortraitUpsideDown UIInterfaceOrientationLandscapeLeft UIInterfaceOrientationLandscapeRight";
				INFOPLIST_KEY_UISupportedInterfaceOrientations_iPhone = "UIInterfaceOrientationPortrait UIInterfaceOrientationLandscapeLeft UIInterfaceOrientationLandscapeRight";
				LD_RUNPATH_SEARCH_PATHS = (
					"$(inherited)",
					"@executable_path/Frameworks",
				);
				MARKETING_VERSION = 1.0;
				PRODUCT_BUNDLE_IDENTIFIER = ca.josuelubaki.netflix;
				PRODUCT_NAME = "$(TARGET_NAME)";
				SWIFT_EMIT_LOC_STRINGS = YES;
				SWIFT_VERSION = 5.0;
				TARGETED_DEVICE_FAMILY = "1,2";
			};
			name = Release;
		};
/* End XCBuildConfiguration section */

/* Begin XCConfigurationList section */
		B080536A2BE01E630019DE38 /* Build configuration list for PBXProject "netflix" */ = {
			isa = XCConfigurationList;
			buildConfigurations = (
				B080537B2BE01E640019DE38 /* Debug */,
				B080537C2BE01E640019DE38 /* Release */,
			);
			defaultConfigurationIsVisible = 0;
			defaultConfigurationName = Release;
		};
		B080537D2BE01E640019DE38 /* Build configuration list for PBXNativeTarget "netflix" */ = {
			isa = XCConfigurationList;
			buildConfigurations = (
				B080537E2BE01E640019DE38 /* Debug */,
				B080537F2BE01E640019DE38 /* Release */,
			);
			defaultConfigurationIsVisible = 0;
			defaultConfigurationName = Release;
		};
/* End XCConfigurationList section */

/* Begin XCRemoteSwiftPackageReference section */
		B045BBEA2BE589BD00A09B85 /* XCRemoteSwiftPackageReference "SwiftfulRouting" */ = {
			isa = XCRemoteSwiftPackageReference;
			repositoryURL = "https://github.com/SwiftfulThinking/SwiftfulRouting.git";
			requirement = {
				kind = upToNextMajorVersion;
				minimumVersion = 5.3.2;
			};
		};
		B08053932BE168DD0019DE38 /* XCRemoteSwiftPackageReference "SDWebImageSwiftUI" */ = {
			isa = XCRemoteSwiftPackageReference;
			repositoryURL = "https://github.com/SDWebImage/SDWebImageSwiftUI.git";
			requirement = {
				kind = upToNextMajorVersion;
				minimumVersion = 3.0.4;
			};
		};
		B08053992BE16E0C0019DE38 /* XCRemoteSwiftPackageReference "SwiftfulUI" */ = {
			isa = XCRemoteSwiftPackageReference;
			repositoryURL = "https://github.com/SwiftfulThinking/SwiftfulUI.git";
			requirement = {
				kind = upToNextMajorVersion;
				minimumVersion = 1.2.0;
			};
		};
/* End XCRemoteSwiftPackageReference section */

/* Begin XCSwiftPackageProductDependency section */
		B045BBEB2BE589BD00A09B85 /* SwiftfulRouting */ = {
			isa = XCSwiftPackageProductDependency;
			package = B045BBEA2BE589BD00A09B85 /* XCRemoteSwiftPackageReference "SwiftfulRouting" */;
			productName = SwiftfulRouting;
		};
		B08053942BE168DD0019DE38 /* SDWebImageSwiftUI */ = {
			isa = XCSwiftPackageProductDependency;
			package = B08053932BE168DD0019DE38 /* XCRemoteSwiftPackageReference "SDWebImageSwiftUI" */;
			productName = SDWebImageSwiftUI;
		};
		B080539A2BE16E0C0019DE38 /* SwiftfulUI */ = {
			isa = XCSwiftPackageProductDependency;
			package = B08053992BE16E0C0019DE38 /* XCRemoteSwiftPackageReference "SwiftfulUI" */;
			productName = SwiftfulUI;
		};
/* End XCSwiftPackageProductDependency section */
	};
	rootObject = B08053672BE01E630019DE38 /* Project object */;
}
